// !$*UTF8*$!
{
	archiveVersion = 1;
	classes = {
	};
	objectVersion = 55;
	objects = {

/* Begin PBXBuildFile section */
		A204D3D4285B130500EAF8D2 /* AppDelegate.swift in Sources */ = {isa = PBXBuildFile; fileRef = A204D3D3285B130500EAF8D2 /* AppDelegate.swift */; };
		A204D3D6285B130500EAF8D2 /* SceneDelegate.swift in Sources */ = {isa = PBXBuildFile; fileRef = A204D3D5285B130500EAF8D2 /* SceneDelegate.swift */; };
		A204D3D8285B130500EAF8D2 /* ViewController.swift in Sources */ = {isa = PBXBuildFile; fileRef = A204D3D7285B130500EAF8D2 /* ViewController.swift */; };
		A204D3DB285B130500EAF8D2 /* Main.storyboard in Resources */ = {isa = PBXBuildFile; fileRef = A204D3D9285B130500EAF8D2 /* Main.storyboard */; };
		A204D3DD285B130600EAF8D2 /* Assets.xcassets in Resources */ = {isa = PBXBuildFile; fileRef = A204D3DC285B130600EAF8D2 /* Assets.xcassets */; };
		A204D3E0285B130600EAF8D2 /* LaunchScreen.storyboard in Resources */ = {isa = PBXBuildFile; fileRef = A204D3DE285B130600EAF8D2 /* LaunchScreen.storyboard */; };
		A204D3E8285B140200EAF8D2 /* lamp_off.png in Resources */ = {isa = PBXBuildFile; fileRef = A204D3E7285B140200EAF8D2 /* lamp_off.png */; };
		A204D3EA285B140600EAF8D2 /* lamp_on.png in Resources */ = {isa = PBXBuildFile; fileRef = A204D3E9285B140500EAF8D2 /* lamp_on.png */; };
		A204D3EC285B140900EAF8D2 /* lamp_remove.png in Resources */ = {isa = PBXBuildFile; fileRef = A204D3EB285B140900EAF8D2 /* lamp_remove.png */; };
/* End PBXBuildFile section */

/* Begin PBXFileReference section */
		A204D3D0285B130500EAF8D2 /* 기말고사 과제 제출.app */ = {isa = PBXFileReference; explicitFileType = wrapper.application; includeInIndex = 0; path = "기말고사 과제 제출.app"; sourceTree = BUILT_PRODUCTS_DIR; };
		A204D3D3285B130500EAF8D2 /* AppDelegate.swift */ = {isa = PBXFileReference; lastKnownFileType = sourcecode.swift; path = AppDelegate.swift; sourceTree = "<group>"; };
		A204D3D5285B130500EAF8D2 /* SceneDelegate.swift */ = {isa = PBXFileReference; lastKnownFileType = sourcecode.swift; path = SceneDelegate.swift; sourceTree = "<group>"; };
		A204D3D7285B130500EAF8D2 /* ViewController.swift */ = {isa = PBXFileReference; lastKnownFileType = sourcecode.swift; path = ViewController.swift; sourceTree = "<group>"; };
		A204D3DA285B130500EAF8D2 /* Base */ = {isa = PBXFileReference; lastKnownFileType = file.storyboard; name = Base; path = Base.lproj/Main.storyboard; sourceTree = "<group>"; };
		A204D3DC285B130600EAF8D2 /* Assets.xcassets */ = {isa = PBXFileReference; lastKnownFileType = folder.assetcatalog; path = Assets.xcassets; sourceTree = "<group>"; };
		A204D3DF285B130600EAF8D2 /* Base */ = {isa = PBXFileReference; lastKnownFileType = file.storyboard; name = Base; path = Base.lproj/LaunchScreen.storyboard; sourceTree = "<group>"; };
		A204D3E1285B130600EAF8D2 /* Info.plist */ = {isa = PBXFileReference; lastKnownFileType = text.plist.xml; path = Info.plist; sourceTree = "<group>"; };
		A204D3E7285B140200EAF8D2 /* lamp_off.png */ = {isa = PBXFileReference; lastKnownFileType = image.png; path = lamp_off.png; sourceTree = "<group>"; };
		A204D3E9285B140500EAF8D2 /* lamp_on.png */ = {isa = PBXFileReference; lastKnownFileType = image.png; path = lamp_on.png; sourceTree = "<group>"; };
		A204D3EB285B140900EAF8D2 /* lamp_remove.png */ = {isa = PBXFileReference; lastKnownFileType = image.png; path = lamp_remove.png; sourceTree = "<group>"; };
/* End PBXFileReference section */

/* Begin PBXFrameworksBuildPhase section */
		A204D3CD285B130500EAF8D2 /* Frameworks */ = {
			isa = PBXFrameworksBuildPhase;
			buildActionMask = 2147483647;
			files = (
			);
			runOnlyForDeploymentPostprocessing = 0;
		};
/* End PBXFrameworksBuildPhase section */

/* Begin PBXGroup section */
		A204D3C7285B130400EAF8D2 = {
			isa = PBXGroup;
			children = (
				A204D3D2285B130500EAF8D2 /* 기말고사 과제 제출 */,
				A204D3D1285B130500EAF8D2 /* Products */,
			);
			sourceTree = "<group>";
		};
		A204D3D1285B130500EAF8D2 /* Products */ = {
			isa = PBXGroup;
			children = (
				A204D3D0285B130500EAF8D2 /* 기말고사 과제 제출.app */,
			);
			name = Products;
			sourceTree = "<group>";
		};
		A204D3D2285B130500EAF8D2 /* 기말고사 과제 제출 */ = {
			isa = PBXGroup;
			children = (
				A204D3D3285B130500EAF8D2 /* AppDelegate.swift */,
				A204D3D5285B130500EAF8D2 /* SceneDelegate.swift */,
				A204D3D7285B130500EAF8D2 /* ViewController.swift */,
				A204D3D9285B130500EAF8D2 /* Main.storyboard */,
				A204D3DC285B130600EAF8D2 /* Assets.xcassets */,
				A204D3DE285B130600EAF8D2 /* LaunchScreen.storyboard */,
				A204D3E1285B130600EAF8D2 /* Info.plist */,
				A204D3E7285B140200EAF8D2 /* lamp_off.png */,
				A204D3E9285B140500EAF8D2 /* lamp_on.png */,
				A204D3EB285B140900EAF8D2 /* lamp_remove.png */,
			);
			path = "기말고사 과제 제출";
			sourceTree = "<group>";
		};
/* End PBXGroup section */

/* Begin PBXNativeTarget section */
		A204D3CF285B130500EAF8D2 /* 기말고사 과제 제출 */ = {
			isa = PBXNativeTarget;
			buildConfigurationList = A204D3E4285B130600EAF8D2 /* Build configuration list for PBXNativeTarget "기말고사 과제 제출" */;
			buildPhases = (
				A204D3CC285B130500EAF8D2 /* Sources */,
				A204D3CD285B130500EAF8D2 /* Frameworks */,
				A204D3CE285B130500EAF8D2 /* Resources */,
			);
			buildRules = (
			);
			dependencies = (
			);
			name = "기말고사 과제 제출";
			productName = "기말고사 과제 제출";
			productReference = A204D3D0285B130500EAF8D2 /* 기말고사 과제 제출.app */;
			productType = "com.apple.product-type.application";
		};
/* End PBXNativeTarget section */

/* Begin PBXProject section */
		A204D3C8285B130400EAF8D2 /* Project object */ = {
			isa = PBXProject;
			attributes = {
				BuildIndependentTargetsInParallel = 1;
				LastSwiftUpdateCheck = 1320;
				LastUpgradeCheck = 1320;
				TargetAttributes = {
					A204D3CF285B130500EAF8D2 = {
						CreatedOnToolsVersion = 13.2.1;
					};
				};
			};
			buildConfigurationList = A204D3CB285B130400EAF8D2 /* Build configuration list for PBXProject "기말고사 과제 제출" */;
			compatibilityVersion = "Xcode 13.0";
			developmentRegion = en;
			hasScannedForEncodings = 0;
			knownRegions = (
				en,
				Base,
			);
			mainGroup = A204D3C7285B130400EAF8D2;
			productRefGroup = A204D3D1285B130500EAF8D2 /* Products */;
			projectDirPath = "";
			projectRoot = "";
			targets = (
				A204D3CF285B130500EAF8D2 /* 기말고사 과제 제출 */,
			);
		};
/* End PBXProject section */

/* Begin PBXResourcesBuildPhase section */
		A204D3CE285B130500EAF8D2 /* Resources */ = {
			isa = PBXResourcesBuildPhase;
			buildActionMask = 2147483647;
			files = (
				A204D3E0285B130600EAF8D2 /* LaunchScreen.storyboard in Resources */,
				A204D3EC285B140900EAF8D2 /* lamp_remove.png in Resources */,
				A204D3DD285B130600EAF8D2 /* Assets.xcassets in Resources */,
				A204D3EA285B140600EAF8D2 /* lamp_on.png in Resources */,
				A204D3DB285B130500EAF8D2 /* Main.storyboard in Resources */,
				A204D3E8285B140200EAF8D2 /* lamp_off.png in Resources */,
			);
			runOnlyForDeploymentPostprocessing = 0;
		};
/* End PBXResourcesBuildPhase section */

/* Begin PBXSourcesBuildPhase section */
		A204D3CC285B130500EAF8D2 /* Sources */ = {
			isa = PBXSourcesBuildPhase;
			buildActionMask = 2147483647;
			files = (
				A204D3D8285B130500EAF8D2 /* ViewController.swift in Sources */,
				A204D3D4285B130500EAF8D2 /* AppDelegate.swift in Sources */,
				A204D3D6285B130500EAF8D2 /* SceneDelegate.swift in Sources */,
			);
			runOnlyForDeploymentPostprocessing = 0;
		};
/* End PBXSourcesBuildPhase section */

/* Begin PBXVariantGroup section */
		A204D3D9285B130500EAF8D2 /* Main.storyboard */ = {
			isa = PBXVariantGroup;
			children = (
				A204D3DA285B130500EAF8D2 /* Base */,
			);
			name = Main.storyboard;
			sourceTree = "<group>";
		};
		A204D3DE285B130600EAF8D2 /* LaunchScreen.storyboard */ = {
			isa = PBXVariantGroup;
			children = (
				A204D3DF285B130600EAF8D2 /* Base */,
			);
			name = LaunchScreen.storyboard;
			sourceTree = "<group>";
		};
/* End PBXVariantGroup section */

/* Begin XCBuildConfiguration section */
		A204D3E2285B130600EAF8D2 /* Debug */ = {
			isa = XCBuildConfiguration;
			buildSettings = {
				ALWAYS_SEARCH_USER_PATHS = NO;
				CLANG_ANALYZER_NONNULL = YES;
				CLANG_ANALYZER_NUMBER_OBJECT_CONVERSION = YES_AGGRESSIVE;
				CLANG_CXX_LANGUAGE_STANDARD = "gnu++17";
				CLANG_CXX_LIBRARY = "libc++";
				CLANG_ENABLE_MODULES = YES;
				CLANG_ENABLE_OBJC_ARC = YES;
				CLANG_ENABLE_OBJC_WEAK = YES;
				CLANG_WARN_BLOCK_CAPTURE_AUTORELEASING = YES;
				CLANG_WARN_BOOL_CONVERSION = YES;
				CLANG_WARN_COMMA = YES;
				CLANG_WARN_CONSTANT_CONVERSION = YES;
				CLANG_WARN_DEPRECATED_OBJC_IMPLEMENTATIONS = YES;
				CLANG_WARN_DIRECT_OBJC_ISA_USAGE = YES_ERROR;
				CLANG_WARN_DOCUMENTATION_COMMENTS = YES;
				CLANG_WARN_EMPTY_BODY = YES;
				CLANG_WARN_ENUM_CONVERSION = YES;
				CLANG_WARN_INFINITE_RECURSION = YES;
				CLANG_WARN_INT_CONVERSION = YES;
				CLANG_WARN_NON_LITERAL_NULL_CONVERSION = YES;
				CLANG_WARN_OBJC_IMPLICIT_RETAIN_SELF = YES;
				CLANG_WARN_OBJC_LITERAL_CONVERSION = YES;
				CLANG_WARN_OBJC_ROOT_CLASS = YES_ERROR;
				CLANG_WARN_QUOTED_INCLUDE_IN_FRAMEWORK_HEADER = YES;
				CLANG_WARN_RANGE_LOOP_ANALYSIS = YES;
				CLANG_WARN_STRICT_PROTOTYPES = YES;
				CLANG_WARN_SUSPICIOUS_MOVE = YES;
				CLANG_WARN_UNGUARDED_AVAILABILITY = YES_AGGRESSIVE;
				CLANG_WARN_UNREACHABLE_CODE = YES;
				CLANG_WARN__DUPLICATE_METHOD_MATCH = YES;
				COPY_PHASE_STRIP = NO;
				DEBUG_INFORMATION_FORMAT = dwarf;
				ENABLE_STRICT_OBJC_MSGSEND = YES;
				ENABLE_TESTABILITY = YES;
				GCC_C_LANGUAGE_STANDARD = gnu11;
				GCC_DYNAMIC_NO_PIC = NO;
				GCC_NO_COMMON_BLOCKS = YES;
				GCC_OPTIMIZATION_LEVEL = 0;
				GCC_PREPROCESSOR_DEFINITIONS = (
					"DEBUG=1",
					"$(inherited)",
				);
				GCC_WARN_64_TO_32_BIT_CONVERSION = YES;
				GCC_WARN_ABOUT_RETURN_TYPE = YES_ERROR;
				GCC_WARN_UNDECLARED_SELECTOR = YES;
				GCC_WARN_UNINITIALIZED_AUTOS = YES_AGGRESSIVE;
				GCC_WARN_UNUSED_FUNCTION = YES;
				GCC_WARN_UNUSED_VARIABLE = YES;
				IPHONEOS_DEPLOYMENT_TARGET = 15.2;
				MTL_ENABLE_DEBUG_INFO = INCLUDE_SOURCE;
				MTL_FAST_MATH = YES;
				ONLY_ACTIVE_ARCH = YES;
				SDKROOT = iphoneos;
				SWIFT_ACTIVE_COMPILATION_CONDITIONS = DEBUG;
				SWIFT_OPTIMIZATION_LEVEL = "-Onone";
			};
			name = Debug;
		};
		A204D3E3285B130600EAF8D2 /* Release */ = {
			isa = XCBuildConfiguration;
			buildSettings = {
				ALWAYS_SEARCH_USER_PATHS = NO;
				CLANG_ANALYZER_NONNULL = YES;
				CLANG_ANALYZER_NUMBER_OBJECT_CONVERSION = YES_AGGRESSIVE;
				CLANG_CXX_LANGUAGE_STANDARD = "gnu++17";
				CLANG_CXX_LIBRARY = "libc++";
				CLANG_ENABLE_MODULES = YES;
				CLANG_ENABLE_OBJC_ARC = YES;
				CLANG_ENABLE_OBJC_WEAK = YES;
				CLANG_WARN_BLOCK_CAPTURE_AUTORELEASING = YES;
				CLANG_WARN_BOOL_CONVERSION = YES;
				CLANG_WARN_COMMA = YES;
				CLANG_WARN_CONSTANT_CONVERSION = YES;
				CLANG_WARN_DEPRECATED_OBJC_IMPLEMENTATIONS = YES;
				CLANG_WARN_DIRECT_OBJC_ISA_USAGE = YES_ERROR;
				CLANG_WARN_DOCUMENTATION_COMMENTS = YES;
				CLANG_WARN_EMPTY_BODY = YES;
				CLANG_WARN_ENUM_CONVERSION = YES;
				CLANG_WARN_INFINITE_RECURSION = YES;
				CLANG_WARN_INT_CONVERSION = YES;
				CLANG_WARN_NON_LITERAL_NULL_CONVERSION = YES;
				CLANG_WARN_OBJC_IMPLICIT_RETAIN_SELF = YES;
				CLANG_WARN_OBJC_LITERAL_CONVERSION = YES;
				CLANG_WARN_OBJC_ROOT_CLASS = YES_ERROR;
				CLANG_WARN_QUOTED_INCLUDE_IN_FRAMEWORK_HEADER = YES;
				CLANG_WARN_RANGE_LOOP_ANALYSIS = YES;
				CLANG_WARN_STRICT_PROTOTYPES = YES;
				CLANG_WARN_SUSPICIOUS_MOVE = YES;
				CLANG_WARN_UNGUARDED_AVAILABILITY = YES_AGGRESSIVE;
				CLANG_WARN_UNREACHABLE_CODE = YES;
				CLANG_WARN__DUPLICATE_METHOD_MATCH = YES;
				COPY_PHASE_STRIP = NO;
				DEBUG_INFORMATION_FORMAT = "dwarf-with-dsym";
				ENABLE_NS_ASSERTIONS = NO;
				ENABLE_STRICT_OBJC_MSGSEND = YES;
				GCC_C_LANGUAGE_STANDARD = gnu11;
				GCC_NO_COMMON_BLOCKS = YES;
				GCC_WARN_64_TO_32_BIT_CONVERSION = YES;
				GCC_WARN_ABOUT_RETURN_TYPE = YES_ERROR;
				GCC_WARN_UNDECLARED_SELECTOR = YES;
				GCC_WARN_UNINITIALIZED_AUTOS = YES_AGGRESSIVE;
				GCC_WARN_UNUSED_FUNCTION = YES;
				GCC_WARN_UNUSED_VARIABLE = YES;
				IPHONEOS_DEPLOYMENT_TARGET = 15.2;
				MTL_ENABLE_DEBUG_INFO = NO;
				MTL_FAST_MATH = YES;
				SDKROOT = iphoneos;
				SWIFT_COMPILATION_MODE = wholemodule;
				SWIFT_OPTIMIZATION_LEVEL = "-O";
				VALIDATE_PRODUCT = YES;
			};
			name = Release;
		};
		A204D3E5285B130600EAF8D2 /* Debug */ = {
			isa = XCBuildConfiguration;
			buildSettings = {
				ASSETCATALOG_COMPILER_APPICON_NAME = AppIcon;
				ASSETCATALOG_COMPILER_GLOBAL_ACCENT_COLOR_NAME = AccentColor;
				CODE_SIGN_STYLE = Automatic;
				CURRENT_PROJECT_VERSION = 1;
				GENERATE_INFOPLIST_FILE = YES;
				INFOPLIST_FILE = "기말고사 과제 제출/Info.plist";
				INFOPLIST_KEY_UIApplicationSupportsIndirectInputEvents = YES;
				INFOPLIST_KEY_UILaunchStoryboardName = LaunchScreen;
				INFOPLIST_KEY_UIMainStoryboardFile = Main;
				INFOPLIST_KEY_UISupportedInterfaceOrientations_iPad = "UIInterfaceOrientationPortrait UIInterfaceOrientationPortraitUpsideDown UIInterfaceOrientationLandscapeLeft UIInterfaceOrientationLandscapeRight";
				INFOPLIST_KEY_UISupportedInterfaceOrientations_iPhone = "UIInterfaceOrientationPortrait UIInterfaceOrientationLandscapeLeft UIInterfaceOrientationLandscapeRight";
				LD_RUNPATH_SEARCH_PATHS = (
					"$(inherited)",
					"@executable_path/Frameworks",
				);
				MARKETING_VERSION = 1.0;
				PRODUCT_BUNDLE_IDENTIFIER = "kr.ac.induk.www.--------------------";
				PRODUCT_NAME = "$(TARGET_NAME)";
				SWIFT_EMIT_LOC_STRINGS = YES;
				SWIFT_VERSION = 5.0;
				TARGETED_DEVICE_FAMILY = "1,2";
			};
			name = Debug;
		};
		A204D3E6285B130600EAF8D2 /* Release */ = {
			isa = XCBuildConfiguration;
			buildSettings = {
				ASSETCATALOG_COMPILER_APPICON_NAME = AppIcon;
				ASSETCATALOG_COMPILER_GLOBAL_ACCENT_COLOR_NAME = AccentColor;
				CODE_SIGN_STYLE = Automatic;
				CURRENT_PROJECT_VERSION = 1;
				GENERATE_INFOPLIST_FILE = YES;
				INFOPLIST_FILE = "기말고사 과제 제출/Info.plist";
				INFOPLIST_KEY_UIApplicationSupportsIndirectInputEvents = YES;
				INFOPLIST_KEY_UILaunchStoryboardName = LaunchScreen;
				INFOPLIST_KEY_UIMainStoryboardFile = Main;
				INFOPLIST_KEY_UISupportedInterfaceOrientations_iPad = "UIInterfaceOrientationPortrait UIInterfaceOrientationPortraitUpsideDown UIInterfaceOrientationLandscapeLeft UIInterfaceOrientationLandscapeRight";
				INFOPLIST_KEY_UISupportedInterfaceOrientations_iPhone = "UIInterfaceOrientationPortrait UIInterfaceOrientationLandscapeLeft UIInterfaceOrientationLandscapeRight";
				LD_RUNPATH_SEARCH_PATHS = (
					"$(inherited)",
					"@executable_path/Frameworks",
				);
				MARKETING_VERSION = 1.0;
				PRODUCT_BUNDLE_IDENTIFIER = "kr.ac.induk.www.--------------------";
				PRODUCT_NAME = "$(TARGET_NAME)";
				SWIFT_EMIT_LOC_STRINGS = YES;
				SWIFT_VERSION = 5.0;
				TARGETED_DEVICE_FAMILY = "1,2";
			};
			name = Release;
		};
/* End XCBuildConfiguration section */

/* Begin XCConfigurationList section */
		A204D3CB285B130400EAF8D2 /* Build configuration list for PBXProject "기말고사 과제 제출" */ = {
			isa = XCConfigurationList;
			buildConfigurations = (
				A204D3E2285B130600EAF8D2 /* Debug */,
				A204D3E3285B130600EAF8D2 /* Release */,
			);
			defaultConfigurationIsVisible = 0;
			defaultConfigurationName = Release;
		};
		A204D3E4285B130600EAF8D2 /* Build configuration list for PBXNativeTarget "기말고사 과제 제출" */ = {
			isa = XCConfigurationList;
			buildConfigurations = (
				A204D3E5285B130600EAF8D2 /* Debug */,
				A204D3E6285B130600EAF8D2 /* Release */,
			);
			defaultConfigurationIsVisible = 0;
			defaultConfigurationName = Release;
		};
/* End XCConfigurationList section */
	};
	rootObject = A204D3C8285B130400EAF8D2 /* Project object */;
}
